
Microsoft Visual Studio Solution File, Format Version 12.00
# Visual Studio Version 16
VisualStudioVersion = 16.0.30413.136
MinimumVisualStudioVersion = 10.0.40219.1
Project("{8BC9CEB8-8B4A-11D0-8D11-00A0C91BC942}") = "Quick_Sort", "Quick_Sort\Quick_Sort.vcxproj", "{A8D82969-87C9-4FB8-AD38-DFF9A596667F}"
EndProject
Global
	GlobalSection(SolutionConfigurationPlatforms) = preSolution
		Debug|x64 = Debug|x64
		Debug|x86 = Debug|x86
		Release|x64 = Release|x64
		Release|x86 = Release|x86
	EndGlobalSection
	GlobalSection(ProjectConfigurationPlatforms) = postSolution
		{A8D82969-87C9-4FB8-AD38-DFF9A596667F}.Debug|x64.ActiveCfg = Debug|x64
		{A8D82969-87C9-4FB8-AD38-DFF9A596667F}.Debug|x64.Build.0 = Debug|x64
		{A8D82969-87C9-4FB8-AD38-DFF9A596667F}.Debug|x86.ActiveCfg = Debug|Win32
		{A8D82969-87C9-4FB8-AD38-DFF9A596667F}.Debug|x86.Build.0 = Debug|Win32
		{A8D82969-87C9-4FB8-AD38-DFF9A596667F}.Release|x64.ActiveCfg = Release|x64
		{A8D82969-87C9-4FB8-AD38-DFF9A596667F}.Release|x64.Build.0 = Release|x64
		{A8D82969-87C9-4FB8-AD38-DFF9A596667F}.Release|x86.ActiveCfg = Release|Win32
		{A8D82969-87C9-4FB8-AD38-DFF9A596667F}.Release|x86.Build.0 = Release|Win32
	EndGlobalSection
	GlobalSection(SolutionProperties) = preSolution
		HideSolutionNode = FALSE
	EndGlobalSection
	GlobalSection(ExtensibilityGlobals) = postSolution
		SolutionGuid = {DAC35F62-1678-44BC-9058-02EB88E72719}
	EndGlobalSection
EndGlobal
